
Microsoft Visual Studio Solution File, Format Version 12.00
# Visual Studio Version 16
VisualStudioVersion = 16.0.30002.166
MinimumVisualStudioVersion = 10.0.40219.1
Project("{FAE04EC0-301F-11D3-BF4B-00C04F79EFBC}") = "KenshiModTool", "KenshiModTool.csproj", "{7D062065-7B50-4E78-93E6-D16CD8387BB8}"
EndProject
Global
	GlobalSection(SolutionConfigurationPlatforms) = preSolution
		Debug|Any CPU = Debug|Any CPU
		Release|Any CPU = Release|Any CPU
	EndGlobalSection
	GlobalSection(ProjectConfigurationPlatforms) = postSolution
		{7D062065-7B50-4E78-93E6-D16CD8387BB8}.Debug|Any CPU.ActiveCfg = Debug|Any CPU
		{7D062065-7B50-4E78-93E6-D16CD8387BB8}.Debug|Any CPU.Build.0 = Debug|Any CPU
		{7D062065-7B50-4E78-93E6-D16CD8387BB8}.Release|Any CPU.ActiveCfg = Release|Any CPU
		{7D062065-7B50-4E78-93E6-D16CD8387BB8}.Release|Any CPU.Build.0 = Release|Any CPU
	EndGlobalSection
	GlobalSection(SolutionProperties) = preSolution
		HideSolutionNode = FALSE
	EndGlobalSection
	GlobalSection(ExtensibilityGlobals) = postSolution
		SolutionGuid = {8E27DA7D-14A1-457B-89DC-3B2AC265D456}
	EndGlobalSection
EndGlobal
