
Microsoft Visual Studio Solution File, Format Version 12.00
# Visual Studio Version 16
VisualStudioVersion = 16.0.30104.148
MinimumVisualStudioVersion = 10.0.40219.1
Project("{FAE04EC0-301F-11D3-BF4B-00C04F79EFBC}") = "KenshiModManDotNet", "KenshiModManDotNet.csproj", "{81E1CCCD-BA6F-4521-86CD-D3F3F5477A45}"
EndProject
Global
	GlobalSection(SolutionConfigurationPlatforms) = preSolution
		Debug|Any CPU = Debug|Any CPU
		Release|Any CPU = Release|Any CPU
	EndGlobalSection
	GlobalSection(ProjectConfigurationPlatforms) = postSolution
		{81E1CCCD-BA6F-4521-86CD-D3F3F5477A45}.Debug|Any CPU.ActiveCfg = Debug|Any CPU
		{81E1CCCD-BA6F-4521-86CD-D3F3F5477A45}.Debug|Any CPU.Build.0 = Debug|Any CPU
		{81E1CCCD-BA6F-4521-86CD-D3F3F5477A45}.Release|Any CPU.ActiveCfg = Release|Any CPU
		{81E1CCCD-BA6F-4521-86CD-D3F3F5477A45}.Release|Any CPU.Build.0 = Release|Any CPU
	EndGlobalSection
	GlobalSection(SolutionProperties) = preSolution
		HideSolutionNode = FALSE
	EndGlobalSection
	GlobalSection(ExtensibilityGlobals) = postSolution
		SolutionGuid = {0511311C-0A63-47E5-A8F2-0F083E60E52A}
	EndGlobalSection
EndGlobal
