
Microsoft Visual Studio Solution File, Format Version 12.00
# Visual Studio Version 16
VisualStudioVersion = 16.0.30002.166
MinimumVisualStudioVersion = 10.0.40219.1
Project("{9A19103F-16F7-4668-BE54-9A1E7A4F7556}") = "Core", "Core\Core.csproj", "{9081DD71-D907-46D3-9954-2B80F07A60DD}"
EndProject
Project("{9A19103F-16F7-4668-BE54-9A1E7A4F7556}") = "KenshiModTool", "KenshiModTool\KenshiModTool.csproj", "{0089F16B-115F-4B63-BE39-722DAF969B50}"
EndProject
Project("{9A19103F-16F7-4668-BE54-9A1E7A4F7556}") = "TestProject", "TestProject\TestProject.csproj", "{E0D26283-13FE-41DD-88CA-B32EA57330EB}"
EndProject
Project("{9A19103F-16F7-4668-BE54-9A1E7A4F7556}") = "WebServer", "WebServer\WebServer.csproj", "{FA948549-71E0-4F73-9102-466871F90375}"
EndProject
Project("{9A19103F-16F7-4668-BE54-9A1E7A4F7556}") = "KenshiModManDotNet", "KMM-GUI\KenshiModManDotNet.csproj", "{87B15E29-ED7C-4979-9B1B-88B12AC5899F}"
EndProject
Global
	GlobalSection(SolutionConfigurationPlatforms) = preSolution
		Debug|Any CPU = Debug|Any CPU
		Release|Any CPU = Release|Any CPU
	EndGlobalSection
	GlobalSection(ProjectConfigurationPlatforms) = postSolution
		{9081DD71-D907-46D3-9954-2B80F07A60DD}.Debug|Any CPU.ActiveCfg = Debug|Any CPU
		{9081DD71-D907-46D3-9954-2B80F07A60DD}.Debug|Any CPU.Build.0 = Debug|Any CPU
		{9081DD71-D907-46D3-9954-2B80F07A60DD}.Release|Any CPU.ActiveCfg = Release|Any CPU
		{9081DD71-D907-46D3-9954-2B80F07A60DD}.Release|Any CPU.Build.0 = Release|Any CPU
		{0089F16B-115F-4B63-BE39-722DAF969B50}.Debug|Any CPU.ActiveCfg = Debug|Any CPU
		{0089F16B-115F-4B63-BE39-722DAF969B50}.Debug|Any CPU.Build.0 = Debug|Any CPU
		{0089F16B-115F-4B63-BE39-722DAF969B50}.Release|Any CPU.ActiveCfg = Release|Any CPU
		{0089F16B-115F-4B63-BE39-722DAF969B50}.Release|Any CPU.Build.0 = Release|Any CPU
		{E0D26283-13FE-41DD-88CA-B32EA57330EB}.Debug|Any CPU.ActiveCfg = Debug|Any CPU
		{E0D26283-13FE-41DD-88CA-B32EA57330EB}.Debug|Any CPU.Build.0 = Debug|Any CPU
		{E0D26283-13FE-41DD-88CA-B32EA57330EB}.Release|Any CPU.ActiveCfg = Release|Any CPU
		{E0D26283-13FE-41DD-88CA-B32EA57330EB}.Release|Any CPU.Build.0 = Release|Any CPU
		{FA948549-71E0-4F73-9102-466871F90375}.Debug|Any CPU.ActiveCfg = Debug|Any CPU
		{FA948549-71E0-4F73-9102-466871F90375}.Debug|Any CPU.Build.0 = Debug|Any CPU
		{FA948549-71E0-4F73-9102-466871F90375}.Release|Any CPU.ActiveCfg = Release|Any CPU
		{FA948549-71E0-4F73-9102-466871F90375}.Release|Any CPU.Build.0 = Release|Any CPU
		{87B15E29-ED7C-4979-9B1B-88B12AC5899F}.Debug|Any CPU.ActiveCfg = Debug|Any CPU
		{87B15E29-ED7C-4979-9B1B-88B12AC5899F}.Debug|Any CPU.Build.0 = Debug|Any CPU
		{87B15E29-ED7C-4979-9B1B-88B12AC5899F}.Release|Any CPU.ActiveCfg = Release|Any CPU
		{87B15E29-ED7C-4979-9B1B-88B12AC5899F}.Release|Any CPU.Build.0 = Release|Any CPU
	EndGlobalSection
	GlobalSection(SolutionProperties) = preSolution
		HideSolutionNode = FALSE
	EndGlobalSection
	GlobalSection(ExtensibilityGlobals) = postSolution
		SolutionGuid = {8E27DA7D-14A1-457B-89DC-3B2AC265D456}
	EndGlobalSection
EndGlobal
